github.com/aws/aws-sdk-go-v2 v1.17.3/go.mod h1:uzbQtefpm44goOPmdKyAlXSNcwlRgF3ePWVW6EtJvvw=
github.com/aws/aws-sdk-go-v2 v1.17.7/go.mod h1:uzbQtefpm44goOPmdKyAlXSNcwlRgF3ePWVW6EtJvvw=
github.com/aws/aws-sdk-go-v2 v1.17.8 h1:GMupCNNI7FARX27L7GjCJM8NgivWbRgpjNI/hOQjFS8=
github.com/aws/aws-sdk-go-v2 v1.17.8/go.mod h1:uzbQtefpm44goOPmdKyAlXSNcwlRgF3ePWVW6EtJvvw=
github.com/aws/aws-sdk-go-v2 v1.24.1 h1:xAojnj+ktS95YZlDf0zxWBkbFtymPeDP+rvUQIH3uAU=
github.com/aws/aws-sdk-go-v2 v1.24.1/go.mod h1:LNh45Br1YAkEKaAqvmE1m8FUx6a5b/V0oAKV7of29b4=
github.com/aws/aws-sdk-go-v2/config v1.18.7 h1:V94lTcix6jouwmAsgQMAEBozVAGJMFhVj+6/++xfe3E=
github.com/aws/aws-sdk-go-v2/config v1.18.7/go.mod h1:OZYsyHFL5PB9UpyS78NElgKs11qI/B5KJau2XOJDXHA=
github.com/aws/aws-sdk-go-v2/config v1.26.6 h1:Z/7w9bUqlRI0FFQpetVuFYEsjzE3h7fpU6HuGmfPL/o=
github.com/aws/aws-sdk-go-v2/config v1.26.6/go.mod h1:uKU6cnDmYCvJ+pxO9S4cWDb2yWWIH5hra+32hVh1MI4=
github.com/aws/aws-sdk-go-v2/credentials v1.13.7 h1:qUUcNS5Z1092XBFT66IJM7mYkMwgZ8fcC8YDIbEwXck=
github.com/aws/aws-sdk-go-v2/credentials v1.13.7/go.mod h1:AdCcbZXHQCjJh6NaH3pFaw8LUeBFn5+88BZGMVGuBT8=
github.com/aws/aws-sdk-go-v2/credentials v1.16.16 h1:8q6Rliyv0aUFAVtzaldUEcS+T5gbadPbWdV1WcAddK8=
github.com/aws/aws-sdk-go-v2/credentials v1.16.16/go.mod h1:UHVZrdUsv63hPXFo1H7c5fEneoVo9UXiz36QG1GEPi0=
github.com/aws/aws-sdk-go-v2/feature/ec2/imds v1.12.21 h1:j9wi1kQ8b+e0FBVHxCqCGo4kxDU175hoDHcWAi0sauU=
github.com/aws/aws-sdk-go-v2/feature/ec2/imds v1.12.21/go.mod h1:ugwW57Z5Z48bpvUyZuaPy4Kv+vEfJWnIrky7RmkBvJg=
github.com/aws/aws-sdk-go-v2/feature/ec2/imds v1.14.11 h1:c5I5iH+DZcH3xOIMlz3/tCKJDaHFwYEmxvlh2fAcFo8=
github.com/aws/aws-sdk-go-v2/feature/ec2/imds v1.14.11/go.mod h1:cRrYDYAMUohBJUtUnOhydaMHtiK/1NZ0Otc9lIb6O0Y=
github.com/aws/aws-sdk-go-v2/internal/configsources v1.1.27/go.mod h1:a1/UpzeyBBerajpnP5nGZa9mGzsBn5cOKxm6NWQsvoI=
github.com/aws/aws-sdk-go-v2/internal/configsources v1.1.31/go.mod h1:QT0BqUvX1Bh2ABdTGnjqEjvjzrCfIniM9Sc8zn9Yndo=
github.com/aws/aws-sdk-go-v2/internal/configsources v1.1.32 h1:dpbVNUjczQ8Ae3QKHbpHBpfvaVkRdesxpTOe9pTouhU=
github.com/aws/aws-sdk-go-v2/internal/configsources v1.1.32/go.mod h1:RudqOgadTWdcS3t/erPQo24pcVEoYyqj/kKW5Vya21I=
github.com/aws/aws-sdk-go-v2/internal/configsources v1.2.10 h1:vF+Zgd9s+H4vOXd5BMaPWykta2a6Ih0AKLq/X6NYKn4=
github.com/aws/aws-sdk-go-v2/internal/configsources v1.2.10/go.mod h1:6BkRjejp/GR4411UGqkX8+wFMbFbqsUIimfK4XjOKR4=
github.com/aws/aws-sdk-go-v2/internal/endpoints/v2 v2.4.21/go.mod h1:+Gxn8jYn5k9ebfHEqlhrMirFjSW0v0C9fI+KN5vk2kE=
github.com/aws/aws-sdk-go-v2/internal/endpoints/v2 v2.4.25/go.mod h1:zBHOPwhBc3FlQjQJE/D3IfPWiWaQmT06Vq9aNukDo0k=
github.com/aws/aws-sdk-go-v2/internal/endpoints/v2 v2.4.26 h1:QH2kOS3Ht7x+u0gHCh06CXL/h6G8LQJFpZfFBYBNboo=
github.com/aws/aws-sdk-go-v2/internal/endpoints/v2 v2.4.26/go.mod h1:vq86l7956VgFr0/FWQ2BWnK07QC3WYsepKzy33qqY5U=
github.com/aws/aws-sdk-go-v2/internal/endpoints/v2 v2.5.10 h1:nYPe006ktcqUji8S2mqXf9c/7NdiKriOwMvWQHgYztw=
github.com/aws/aws-sdk-go-v2/internal/endpoints/v2 v2.5.10/go.mod h1:6UV4SZkVvmODfXKql4LCbaZUpF7HO2BX38FgBf9ZOLw=
github.com/aws/aws-sdk-go-v2/internal/ini v1.3.28 h1:KeTxcGdNnQudb46oOl4d90f2I33DF/c6q3RnZAmvQdQ=
github.com/aws/aws-sdk-go-v2/internal/ini v1.3.28/go.mod h1:yRZVr/iT0AqyHeep00SZ4YfBAKojXz08w3XMBscdi0c=
github.com/aws/aws-sdk-go-v2/internal/ini v1.7.3 h1:n3GDfwqF2tzEkXlv5cuy4iy7LpKDtqDMcNLfZDu9rls=
github.com/aws/aws-sdk-go-v2/internal/ini v1.7.3/go.mod h1:6fQQgfuGmw8Al/3M2IgIllycxV7ZW7WCdVSqfBeUiCY=
github.com/aws/aws-sdk-go-v2/service/ec2 v1.77.0 h1:m6HYlpZlTWb9vHuuRHpWRieqPHWlS0mvQ90OJNrG/Nk=
github.com/aws/aws-sdk-go-v2/service/ec2 v1.77.0/go.mod h1:mV0E7631M1eXdB+tlGFIw6JxfsC7Pz7+7Aw15oLVhZw=
github.com/aws/aws-sdk-go-v2/service/health v1.16.6 h1:qwbNYWGgcfqlBb6ZNbB2pBDiaJepiDHzzE832uuGuGY=
github.com/aws/aws-sdk-go-v2/service/health v1.16.6/go.mod h1:q1i79Qt6zxIFVzQQrnrGrn7xl1CMRrXX7foTuuKXSn8=
github.com/aws/aws-sdk-go-v2/service/health v1.22.6 h1:jMF8eQ95tQfKUOSQopwmywHuJZ5TIWecTnVxBY6KQY8=
github.com/aws/aws-sdk-go-v2/service/health v1.22.6/go.mod h1:3QKXmSs/Q3xdUywrZ18m22Fnmju+3Kso3H02YWoBIBA=
github.com/aws/aws-sdk-go-v2/service/internal/accept-encoding v1.10.4 h1:/b31bi3YVNlkzkBrm9LfpaKoaYZUxIAj4sHfOTmLfqw=
github.com/aws/aws-sdk-go-v2/service/internal/accept-encoding v1.10.4/go.mod h1:2aGXHFmbInwgP9ZfpmdIfOELL79zhdNYNmReK8qDfdQ=
github.com/aws/aws-sdk-go-v2/service/internal/presigned-url v1.9.21 h1:5C6XgTViSb0bunmU57b3CT+MhxULqHH2721FVA+/kDM=
github.com/aws/aws-sdk-go-v2/service/internal/presigned-url v1.9.21/go.mod h1:lRToEJsn+DRA9lW4O9L9+/3hjTkUzlzyzHqn8MTds5k=
github.com/aws/aws-sdk-go-v2/service/internal/presigned-url v1.10.10 h1:DBYTXwIGQSGs9w4jKm60F5dmCQ3EEruxdc0MFh+3EY4=
github.com/aws/aws-sdk-go-v2/service/internal/presigned-url v1.10.10/go.mod h1:wohMUQiFdzo0NtxbBg0mSRGZ4vL3n0dKjLTINdcIino=
github.com/aws/aws-sdk-go-v2/service/organizations v1.19.4 h1:zDYlPD6AUmVRA0MUa4zY6qN/g8dOvptfk2JfW7jFFEk=
github.com/aws/aws-sdk-go-v2/service/organizations v1.19.4/go.mod h1:JwocX44NP3XrNrxinPbTvuWxH0JBriJZT/LFPsL7rNU=
github.com/aws/aws-sdk-go-v2/service/organizations v1.23.7 h1:T0Z9cyigEnMH2Kh2Ops1sFgR47t7l+XQwIX/xl5LyBk=
github.com/aws/aws-sdk-go-v2/service/organizations v1.23.7/go.mod h1:zzSVlzK+VeF1LDOyehPish9VlrWlJkMxEn4d+UV7FRQ=
github.com/aws/aws-sdk-go-v2/service/pricing v1.17.5 h1:89yKwg+Kn3jgjcpxzmbZYH0O+I2+HjEcILIQrLkj8ik=
github.com/aws/aws-sdk-go-v2/service/pricing v1.17.5/go.mod h1:1YtXjD073MNbQvowCxfSsdhGUCJQOt04FVDcs8uYCmI=
github.com/aws/aws-sdk-go-v2/service/sso v1.11.28 h1:gItLq3zBYyRDPmqAClgzTH8PBjDQGeyptYGHIwtYYNA=
github.com/aws/aws-sdk-go-v2/service/sso v1.11.28/go.mod h1:wo/B7uUm/7zw/dWhBJ4FXuw1sySU5lyIhVg1Bu2yL9A=
github.com/aws/aws-sdk-go-v2/service/sso v1.18.7 h1:eajuO3nykDPdYicLlP3AGgOyVN3MOlFmZv7WGTuJPow=
github.com/aws/aws-sdk-go-v2/service/sso v1.18.7/go.mod h1:+mJNDdF+qiUlNKNC3fxn74WWNN+sOiGOEImje+3ScPM=
github.com/aws/aws-sdk-go-v2/service/ssooidc v1.13.11 h1:KCacyVSs/wlcPGx37hcbT3IGYO8P8Jx+TgSDhAXtQMY=
github.com/aws/aws-sdk-go-v2/service/ssooidc v1.13.11/go.mod h1:TZSH7xLO7+phDtViY/KUp9WGCJMQkLJ/VpgkTFd5gh8=
github.com/aws/aws-sdk-go-v2/service/ssooidc v1.21.7 h1:QPMJf+Jw8E1l7zqhZmMlFw6w1NmfkfiSK8mS4zOx3BA=
github.com/aws/aws-sdk-go-v2/service/ssooidc v1.21.7/go.mod h1:ykf3COxYI0UJmxcfcxcVuz7b6uADi1FkiUz6Eb7AgM8=
github.com/aws/aws-sdk-go-v2/service/sts v1.17.7 h1:9Mtq1KM6nD8/+HStvWcvYnixJ5N85DX+P+OY3kI3W2k=
github.com/aws/aws-sdk-go-v2/service/sts v1.17.7/go.mod h1:+lGbb3+1ugwKrNTWcf2RT05Xmp543B06zDFTwiTLp7I=
github.com/aws/aws-sdk-go-v2/service/sts v1.26.7 h1:NzO4Vrau795RkUdSHKEwiR01FaGzGOH1EETJ+5QHnm0=
github.com/aws/aws-sdk-go-v2/service/sts v1.26.7/go.mod h1:6h2YuIoxaMSCFf5fi1EgZAwdfkGMgDY+DVfa61uLe4U=
github.com/aws/smithy-go v1.13.5 h1:hgz0X/DX0dGqTYpGALqXJoRKRj5oQ7150i5FdTePzO8=
github.com/aws/smithy-go v1.13.5/go.mod h1:Tg+OJXh4MB2R/uN61Ko2f6hTZwB/ZYGOtib8J3gBHzA=
github.com/aws/smithy-go v1.19.0 h1:KWFKQV80DpP3vJrrA9sVAHQ5gc2z8i4EzrLhLlWXcBM=
github.com/aws/smithy-go v1.19.0/go.mod h1:NukqUGpCZIILqqiV0NIjeFh24kd/FAa4beRb6nbIUPE=
github.com/beorn7/perks v1.0.1 h1:VlbKKnNfV8bJzeqoa4cOKqO6bYr3WgKZxO8Z16+hsOM=
github.com/beorn7/perks v1.0.1/go.mod h1:G2ZrVWU2WbWT9wwq4/hrbKbnv/1ERSJQ0ibhJ6rlkpw=
github.com/cespare/xxhash/v2 v2.2.0 h1:DC2CZ1Ep5Y4k3ZQ899DldepgrayRUGE6BBZ/cd9Cj44=
github.com/cespare/xxhash/v2 v2.2.0/go.mod h1:VGX0DQ3Q6kWi7AoAeZDth3/j3BFtOZR5XLFGgcrjCOs=
github.com/cpuguy83/go-md2man/v2 v2.0.2 h1:p1EgwI/C7NhT0JmVkwCD2ZBK8j4aeHQX2pMHHBfMQ6w=
github.com/cpuguy83/go-md2man/v2 v2.0.2/go.mod h1:tgQtvFlXSQOSOSIRvRPT7W67SCa46tRHOmNcaadrF8o=
github.com/cpuguy83/go-md2man/v2 v2.0.3 h1:qMCsGGgs+MAzDFyp9LpAe1Lqy/fY/qCovCm0qnXZOBM=
github.com/cpuguy83/go-md2man/v2 v2.0.3/go.mod h1:tgQtvFlXSQOSOSIRvRPT7W67SCa46tRHOmNcaadrF8o=
github.com/creack/pty v1.1.9/go.mod h1:oKZEueFk5CKHvIhNR5MUki03XCEU+Q6VDXinZuGJ33E=
github.com/davecgh/go-spew v1.1.0/go.mod h1:J7Y8YcW2NihsgmVo/mv3lAwl/skON4iLHjSsI+c5H38=
github.com/davecgh/go-spew v1.1.1 h1:vj9j/u1bqnvCEfJOwUhtlOARqs3+rkHYY13jYWTU97c=
github.com/davecgh/go-spew v1.1.1/go.mod h1:J7Y8YcW2NihsgmVo/mv3lAwl/skON4iLHjSsI+c5H38=
github.com/emicklei/go-restful/v3 v3.9.0 h1:XwGDlfxEnQZzuopoqxwSEllNcCOM9DhhFyhFIIGKwxE=
github.com/go-logr/logr v1.2.0/go.mod h1:jdQByPbusPIv2/zmleS9BjJVeZ6kBagPoEUsqbVz/1A=
github.com/go-logr/logr v1.2.3 h1:2DntVwHkVopvECVRSlL5PSo9eG+cAkDCuckLubN+rq0=
github.com/go-logr/logr v1.2.3/go.mod h1:jdQByPbusPIv2/zmleS9BjJVeZ6kBagPoEUsqbVz/1A=
github.com/go-openapi/jsonpointer v0.19.5 h1:gZr+CIYByUqjcgeLXnQu2gHYQC9o73G2XUeOFYEICuY=
github.com/go-openapi/jsonreference v0.20.0 h1:MYlu0sBgChmCfJxxUKZ8g1cPWFOB37YSZqewK7OKeyA=
github.com/go-openapi/swag v0.19.14 h1:gm3vOOXfiuw5i9p5N9xJvfjvuofpyvLA9Wr6QfK5Fng=
github.com/go-test/deep v1.0.4 h1:u2CU3YKy9I2pmu9pX0eq50wCgjfGIt539SqR7FbHiho=
github.com/go-test/deep v1.0.4/go.mod h1:wGDj63lr65AM2AQyKZd/NYHGb0R+1RLqB8NKt3aSFNA=
github.com/gogo/protobuf v1.3.2 h1:Ov1cvc58UF3b5XjBnZv7+opcTcQFZebYjWzi34vdm4Q=
github.com/gogo/protobuf v1.3.2/go.mod h1:P1XiOD3dCwIKUDQYPy72D8LYyHL2YPYrpS2s69NZV8Q=
github.com/golang/protobuf v1.2.0/go.mod h1:6lQm79b+lXiMfvg/cZm0SGofjICqVBUtrP5yJMmIC1U=
github.com/golang/protobuf v1.3.1/go.mod h1:6lQm79b+lXiMfvg/cZm0SGofjICqVBUtrP5yJMmIC1U=
github.com/golang/protobuf v1.3.5/go.mod h1:6O5/vntMXwX2lRkT1hjjk0nAC1IDOTvTlVgjlRvqsdk=
github.com/golang/protobuf v1.5.0/go.mod h1:FsONVRAS9T7sI+LIUmWTfcYkHO4aIWwzhcaSAoJOfIk=
github.com/golang/protobuf v1.5.2 h1:ROPKBNFfQgOUMifHyP+KYbvpjbdoFNs+aK7DXlji0Tw=
github.com/golang/protobuf v1.5.2/go.mod h1:XVQd3VNwM+JqD3oG2Ue2ip4fOMUkwXdXDdiuN0vRsmY=
github.com/golang/protobuf v1.5.3 h1:KhyjKVUg7Usr/dYsdSqoFveMYd5ko72D+zANwlG1mmg=
github.com/golang/protobuf v1.5.3/go.mod h1:XVQd3VNwM+JqD3oG2Ue2ip4fOMUkwXdXDdiuN0vRsmY=
github.com/google/gnostic v0.5.7-v3refs h1:FhTMOKj2VhjpouxvWJAV1TL304uMlb9zcDqkl6cEI54=
github.com/google/go-cmp v0.5.5/go.mod h1:v8dTdLbMG2kIc/vJvl+f65V22dbkXbowE6jgT/gNBxE=
github.com/google/go-cmp v0.5.7/go.mod h1:n+brtR0CgQNWTVd5ZUFpTBC8YFBDLK/h/bpaJ8/DtOE=
github.com/google/go-cmp v0.5.8/go.mod h1:17dUlkBOakJ0+DkrSSNjCkIjxS6bF9zb3elmeNGIjoY=
github.com/google/go-cmp v0.5.9 h1:O2Tfq5qg4qc4AmwVlvv0oLiVAGB7enBSJ2x2DqQFi38=
github.com/google/go-cmp v0.5.9/go.mod h1:17dUlkBOakJ0+DkrSSNjCkIjxS6bF9zb3elmeNGIjoY=
github.com/google/gofuzz v1.0.0/go.mod h1:dBl0BpW6vV/+mYPU4Po3pmUjxk6FQPldtuIdl/M65Eg=
github.com/google/gofuzz v1.1.0 h1:Hsa8mG0dQ46ij8Sl2AYJDUv1oA9/d6Vk+3LG99Oe02g=
github.com/google/gofuzz v1.1.0/go.mod h1:dBl0BpW6vV/+mYPU4Po3pmUjxk6FQPldtuIdl/M65Eg=
github.com/google/uuid v1.1.2 h1:EVhdT+1Kseyi1/pUmXKaFxYsDNy9RQYkMWRH68J/W7Y=
github.com/gorilla/websocket v1.4.2 h1:+/TMaTYc4QFitKJxsQ7Yye35DkWvkdLcvGKqM+x0Ufc=
github.com/gorilla/websocket v1.4.2/go.mod h1:YR8l580nyteQvAITg2hZ9XVh4b55+EU/adAjf1fMHhE=
github.com/gorilla/websocket v1.5.1 h1:gmztn0JnHVt9JZquRuzLw3g4wouNVzKL15iLr/zn/QY=
github.com/gorilla/websocket v1.5.1/go.mod h1:x3kM2JMyaluk02fnUJpQuwD2dCS5NDG2ZHL0uE0tcaY=
github.com/jmespath/go-jmespath v0.4.0 h1:BEgLn5cpjn8UN1mAw4NjwDrS35OdebyEtFe+9YPoQUg=
github.com/jmespath/go-jmespath v0.4.0/go.mod h1:T8mJZnbsbmF+m6zOOFylbeCJqk5+pHWvzYPziyZiYoo=
github.com/jmespath/go-jmespath/internal/testify v1.5.1 h1:shLQSRRSCCPj3f2gpwzGwWFoC7ycTf1rcQZHOlsJ6N8=
github.com/jmespath/go-jmespath/internal/testify v1.5.1/go.mod h1:L3OGu8Wl2/fWfCI6z80xFu9LTZmf1ZRjMHUOPmWr69U=
github.com/josharian/intern v1.0.0 h1:vlS4z54oSdjm0bgjRigI+G1HpF+tI+9rE5LLzOg8HmY=
github.com/json-iterator/go v1.1.12 h1:PV8peI4a0ysnczrg+LtxykD8LfKY9ML6u2jnxaEnrnM=
github.com/json-iterator/go v1.1.12/go.mod h1:e30LSqwooZae/UwlEbR2852Gd8hjQvJoHmT4TnhNGBo=
github.com/kisielk/errcheck v1.5.0/go.mod h1:pFxgyoBC7bSaBwPgfKdkLd5X25qrDl4LWUI2bnpBCr8=
github.com/kisielk/gotool v1.0.0/go.mod h1:XhKaO+MFFWcvkIS/tQcRk01m1F5IRFswLeQ+oQHNcck=
github.com/kr/pretty v0.2.0 h1:s5hAObm+yFO5uHYt5dYjxi2rXrsnmRpJx4OYvIWUaQs=
github.com/kr/pretty v0.2.0/go.mod h1:ipq/a2n7PKx3OHsz4KJII5eveXtPO4qwEXGdVfWzfnI=
github.com/kr/pretty v0.3.1/go.mod h1:hoEshYVHaxMs3cyo3Yncou5ZscifuDolrwPKZanG3xk=
github.com/kr/pty v1.1.1/go.mod h1:pFQYn66WHrOpPYNljwOMqo10TkYh1fy3cYio2l3bCsQ=
github.com/kr/text v0.1.0/go.mod h1:4Jbv+DJW3UT/LiOwJeYQe1efqtUx/iVham/4vfdArNI=
github.com/kr/text v0.2.0 h1:5Nx0Ya0ZqY2ygV366QzturHI13Jq95ApcVaJBhpS+AY=
github.com/kr/text v0.2.0/go.mod h1:eLer722TekiGuMkidMxC/pM04lWEeraHUUmBw8l2grE=
github.com/mailru/easyjson v0.7.6 h1:8yTIVnZgCoiM1TgqoeTl+LfU5Jg6/xL3QhGQnimLYnA=
github.com/matttproud/golang_protobuf_extensions v1.0.4 h1:mmDVorXM7PCGKw94cs5zkfA9PSy5pEvNWRP0ET0TIVo=
github.com/matttproud/golang_protobuf_extensions v1.0.4/go.mod h1:BSXmuO+STAnVfrANrmjBb36TMTDstsz7MSK+HVaYKv4=
github.com/modern-go/concurrent v0.0.0-20180228061459-e0a39a4cb421/go.mod h1:6dJC0mAP4ikYIbvyc7fijjWJddQyLn8Ig3JB5CqoB9Q=
github.com/modern-go/concurrent v0.0.0-20180306012644-bacd9c7ef1dd h1:TRLaZ9cD/w8PVh93nsPXa1VrQ6jlwL5oN8l14QlcNfg=
github.com/modern-go/concurrent v0.0.0-20180306012644-bacd9c7ef1dd/go.mod h1:6dJC0mAP4ikYIbvyc7fijjWJddQyLn8Ig3JB5CqoB9Q=
github.com/modern-go/reflect2 v1.0.2 h1:xBagoLtFs94CBntxluKeaWgTMpvLxC4ur3nMaC9Gz0M=
github.com/modern-go/reflect2 v1.0.2/go.mod h1:yWuevngMOJpCy52FWWMvUC8ws7m/LJsjYzDa0/r8luk=
github.com/munnerz/goautoneg v0.0.0-20191010083416-a7dc8b61c822 h1:C3w9PqII01/Oq1c1nUAm88MOHcQC9l5mIlSMApZMrHA=
github.com/pkg/diff v0.0.0-20210226163009-20ebb0f2a09e/go.mod h1:pJLUxLENpZxwdsKMEsNbx1VGcRFpLqf3715MtcvvzbA=
github.com/pmezard/go-difflib v1.0.0 h1:4DBwDE0NGyQoBHbLQYPwSUPoCMWR5BEzIk/f1lZbAQM=
github.com/pmezard/go-difflib v1.0.0/go.mod h1:iKH77koFhYxTK1pcRnkKkqfTogsbg7gZNVY4sRDYZ/4=
github.com/prometheus/client_golang v1.14.0 h1:nJdhIvne2eSX/XRAFV9PcvFFRbrjbcTUj0VP62TMhnw=
github.com/prometheus/client_golang v1.14.0/go.mod h1:8vpkKitgIVNcqrRBWh1C4TIUQgYNtG/XQE4E/Zae36Y=
github.com/prometheus/client_golang v1.18.0 h1:HzFfmkOzH5Q8L8G+kSJKUx5dtG87sewO+FoDDqP5Tbk=
github.com/prometheus/client_golang v1.18.0/go.mod h1:T+GXkCk5wSJyOqMIzVgvvjFDlkOQntgjkJWKrN5txjA=
github.com/prometheus/client_model v0.3.0 h1:UBgGFHqYdG/TPFD1B1ogZywDqEkwp3fBMvqdiQ7Xew4=
github.com/prometheus/client_model v0.3.0/go.mod h1:LDGWKZIo7rky3hgvBe+caln+Dr3dPggB5dvjtD7w9+w=
github.com/prometheus/client_model v0.5.0 h1:VQw1hfvPvk3Uv6Qf29VrPF32JB6rtbgI6cYPYQjL0Qw=
github.com/prometheus/client_model v0.5.0/go.mod h1:dTiFglRmd66nLR9Pv9f0mZi7B7fk5Pm3gvsjB5tr+kI=
github.com/prometheus/common v0.39.0 h1:oOyhkDq05hPZKItWVBkJ6g6AtGxi+fy7F4JvUV8uhsI=
github.com/prometheus/common v0.39.0/go.mod h1:6XBZ7lYdLCbkAVhwRsWTZn+IN5AB9F/NXd5w0BbEX0Y=
github.com/prometheus/common v0.46.0 h1:doXzt5ybi1HBKpsZOL0sSkaNHJJqkyfEWZGGqqScV0Y=
github.com/prometheus/common v0.46.0/go.mod h1:Tp0qkxpb9Jsg54QMe+EAmqXkSV7Evdy1BTn+g2pa/hQ=
github.com/prometheus/procfs v0.9.0 h1:wzCHvIvM5SxWqYvwgVL7yJY8Lz3PKn49KQtpgMYJfhI=
github.com/prometheus/procfs v0.9.0/go.mod h1:+pB4zwohETzFnmlpe6yd2lSc+0/46IYZRB/chUwxUZY=
github.com/prometheus/procfs v0.12.0 h1:jluTpSng7V9hY0O2R9DzzJHYb2xULk9VTR1V1R/k6Bo=
github.com/prometheus/procfs v0.12.0/go.mod h1:pcuDEFsWDnvcgNzo4EEweacyhjeA9Zk3cnaOZAZEfOo=
github.com/rogpeppe/go-internal v1.9.0/go.mod h1:WtVeX8xhTBvf0smdhujwtBcq4Qrzq/fJaraNFVN+nFs=
github.com/russross/blackfriday/v2 v2.1.0 h1:JIOH55/0cWyOuilr9/qlrm0BSXldqnqwMsf35Ld67mk=
github.com/russross/blackfriday/v2 v2.1.0/go.mod h1:+Rmxgy9KzJVeS9/2gXHxylqXiyQDYRxCVz55jmeOWTM=
github.com/sirupsen/logrus v1.9.0 h1:trlNQbNUG3OdDrDil03MCb1H2o9nJ1x4/5LYw7byDE0=
github.com/sirupsen/logrus v1.9.0/go.mod h1:naHLuLoDiP4jHNo9R0sCBMtWGeIprob74mVsIT4qYEQ=
github.com/sirupsen/logrus v1.9.3 h1:dueUQJ1C2q9oE3F7wvmSGAaVtTmUizReu6fjN8uqzbQ=
github.com/sirupsen/logrus v1.9.3/go.mod h1:naHLuLoDiP4jHNo9R0sCBMtWGeIprob74mVsIT4qYEQ=
github.com/slack-go/slack v0.12.1 h1:X97b9g2hnITDtNsNe5GkGx6O2/Sz/uC20ejRZN6QxOw=
github.com/slack-go/slack v0.12.1/go.mod h1:hlGi5oXA+Gt+yWTPP0plCdRKmjsDxecdHxYQdlMQKOw=
github.com/slack-go/slack v0.12.3 h1:92/dfFU8Q5XP6Wp5rr5/T5JHLM5c5Smtn53fhToAP88=
github.com/slack-go/slack v0.12.3/go.mod h1:hlGi5oXA+Gt+yWTPP0plCdRKmjsDxecdHxYQdlMQKOw=
github.com/spf13/pflag v1.0.5 h1:iy+VFUOCP1a+8yFto/drg2CJ5u0yRoB7fZw3DKv/JXA=
github.com/stretchr/objx v0.1.0/go.mod h1:HFkY916IF+rwdDfMAkV7OtwuqBVzrE8GR6GFx+wExME=
github.com/stretchr/testify v1.2.2/go.mod h1:a8OnRcib4nhh0OaRAV+Yts87kKdq0PP7pXfy6kDkUVs=
github.com/stretchr/testify v1.3.0/go.mod h1:M5WIy9Dh21IEIfnGCwXGc5bZfKNJtfHm1UVUgZn+9EI=
github.com/stretchr/testify v1.7.0/go.mod h1:6Fq8oRcR53rry900zMqJjRRixrwX3KX962/h/Wwjteg=
github.com/stretchr/testify v1.8.0 h1:pSgiaMZlXftHpm5L7V1+rVB+AZJydKsMxsQBIJw4PKk=
github.com/urfave/cli/v2 v2.25.1 h1:zw8dSP7ghX0Gmm8vugrs6q9Ku0wzweqPyshy+syu9Gw=
github.com/urfave/cli/v2 v2.25.1/go.mod h1:GHupkWPMM0M/sj1a2b4wUrWBPzazNrIjouW6fmdJLxc=
github.com/urfave/cli/v2 v2.27.1 h1:8xSQ6szndafKVRmfyeUMxkNUJQMjL1F2zmsZ+qHpfho=
github.com/urfave/cli/v2 v2.27.1/go.mod h1:8qnjx1vcq5s2/wpsqoZFndg2CE5tNFyrTvS6SinrnYQ=
github.com/xrash/smetrics v0.0.0-20201216005158-039620a65673 h1:bAn7/zixMGCfxrRTfdpNzjtPYqr8smhKouy9mxVdGPU=
github.com/xrash/smetrics v0.0.0-20201216005158-039620a65673/go.mod h1:N3UwUGtsrSj3ccvlPHLoLsHnpR27oXr4ZE984MbSER8=
github.com/xrash/smetrics v0.0.0-20231213231151-1d8dd44e695e h1:+SOyEddqYF09QP7vr7CgJ1eti3pY9Fn3LHO1M1r/0sI=
github.com/xrash/smetrics v0.0.0-20231213231151-1d8dd44e695e/go.mod h1:N3UwUGtsrSj3ccvlPHLoLsHnpR27oXr4ZE984MbSER8=
github.com/yuin/goldmark v1.1.27/go.mod h1:3hX8gzYuyVAZsxl0MRgGTJEmQBFcNTphYh9decYSb74=
github.com/yuin/goldmark v1.2.1/go.mod h1:3hX8gzYuyVAZsxl0MRgGTJEmQBFcNTphYh9decYSb74=
golang.org/x/crypto v0.0.0-20190308221718-c2843e01d9a2/go.mod h1:djNgcEr1/C05ACkg1iLfiJU5Ep61QUkGW8qpdssI0+w=
golang.org/x/crypto v0.0.0-20191011191535-87dc89f01550/go.mod h1:yigFU9vqHzYiE8UmvKecakEJjdnWj3jj499lnFckfCI=
golang.org/x/crypto v0.0.0-20200622213623-75b288015ac9/go.mod h1:LzIPMQfyMNhhGPhUkYOs5KpL4U8rLKemX1yGLhDgUto=
golang.org/x/mod v0.2.0/go.mod h1:s0Qsj1ACt9ePp/hMypM3fl4fZqREWJwdYDEqhRiZZUA=
golang.org/x/mod v0.3.0/go.mod h1:s0Qsj1ACt9ePp/hMypM3fl4fZqREWJwdYDEqhRiZZUA=
golang.org/x/net v0.0.0-20190404232315-eb5bcb51f2a3/go.mod h1:t9HGtf8HONx5eT2rtn7q6eTqICYqUVnKs3thJo3Qplg=
golang.org/x/net v0.0.0-20190603091049-60506f45cf65/go.mod h1:HSz+uSET+XFnRR8LxR5pz3Of3rY3CfYBVs4xY44aLks=
golang.org/x/net v0.0.0-20190620200207-3b0461eec859/go.mod h1:z5CRVTTTmAJ677TzLLGU+0bjPO0LkuOLi4/5GtJWs/s=
golang.org/x/net v0.0.0-20200226121028-0de0cce0169b/go.mod h1:z5CRVTTTmAJ677TzLLGU+0bjPO0LkuOLi4/5GtJWs/s=
golang.org/x/net v0.0.0-20201021035429-f5854403a974/go.mod h1:sp8m0HH+o8qH0wwXwYZr8TS3Oi6o0r6Gce1SSxlDquU=
golang.org/x/net v0.4.0 h1:Q5QPcMlvfxFTAPV0+07Xz/MpK9NTXu2VDUuy0FeMfaU=
golang.org/x/net v0.4.0/go.mod h1:MBQ8lrhLObU/6UmLb4fmbmk5OcyYmqtbGd/9yIeKjEE=
golang.org/x/net v0.20.0 h1:aCL9BSgETF1k+blQaYUBx9hJ9LOGP3gAVemcZlf1Kpo=
golang.org/x/net v0.20.0/go.mod h1:z8BVo6PvndSri0LbOE3hAn0apkU+1YvI6E70E9jsnvY=
golang.org/x/oauth2 v0.3.0 h1:6l90koy8/LaBLmLu8jpHeHexzMwEita0zFfYlggy2F8=
golang.org/x/oauth2 v0.3.0/go.mod h1:rQrIauxkUhJ6CuwEXwymO2/eh4xz2ZWF1nBkcxS+tGk=
golang.org/x/oauth2 v0.16.0 h1:aDkGMBSYxElaoP81NpoUoz2oo2R2wHdZpGToUxfyQrQ=
golang.org/x/oauth2 v0.16.0/go.mod h1:hqZ+0LWXsiVoZpeld6jVt06P3adbS2Uu911W1SsJv2o=
golang.org/x/sync v0.0.0-20181221193216-37e7f081c4d4/go.mod h1:RxMgew5VJxzue5/jJTE5uejpjVlOe/izrB70Jof72aM=
golang.org/x/sync v0.0.0-20190423024810-112230192c58/go.mod h1:RxMgew5VJxzue5/jJTE5uejpjVlOe/izrB70Jof72aM=
golang.org/x/sync v0.0.0-20190911185100-cd5d95a43a6e/go.mod h1:RxMgew5VJxzue5/jJTE5uejpjVlOe/izrB70Jof72aM=
golang.org/x/sync v0.0.0-20201020160332-67f06af15bc9/go.mod h1:RxMgew5VJxzue5/jJTE5uejpjVlOe/izrB70Jof72aM=
golang.org/x/sys v0.0.0-20190215142949-d0b11bdaac8a/go.mod h1:STP8DvDyc/dI5b8T5hshtkjS+E42TnysNCUPdjciGhY=
golang.org/x/sys v0.0.0-20190412213103-97732733099d/go.mod h1:h1NjWce9XRLGQEsW7wpKNCjG9DtNlClVuFLEZdDNbEs=
golang.org/x/sys v0.0.0-20200930185726-fdedc70b468f/go.mod h1:h1NjWce9XRLGQEsW7wpKNCjG9DtNlClVuFLEZdDNbEs=
golang.org/x/sys v0.0.0-20220715151400-c0bba94af5f8/go.mod h1:oPkhp1MJrh7nUepCBck5+mAzfO9JrbApNNgaTdGDITg=
golang.org/x/sys v0.3.0 h1:w8ZOecv6NaNa/zC8944JTU3vz4u6Lagfk4RPQxv92NQ=
golang.org/x/sys v0.3.0/go.mod h1:oPkhp1MJrh7nUepCBck5+mAzfO9JrbApNNgaTdGDITg=
golang.org/x/sys v0.16.0 h1:xWw16ngr6ZMtmxDyKyIgsE93KNKz5HKmMa3b8ALHidU=
golang.org/x/sys v0.16.0/go.mod h1:/VUhepiaJMQUp4+oa/7Zr1D23ma6VTLIYjOOTFZPUcA=
golang.org/x/term v0.3.0 h1:qoo4akIqOcDME5bhc/NgxUdovd6BSS2uMsVjB56q1xI=
golang.org/x/term v0.3.0/go.mod h1:q750SLmJuPmVoN1blW3UFBPREJfb1KmY3vwxfr+nFDA=
golang.org/x/term v0.16.0 h1:m+B6fahuftsE9qjo0VWp2FW0mB3MTJvR0BaMQrq0pmE=
golang.org/x/term v0.16.0/go.mod h1:yn7UURbUtPyrVJPGPq404EukNFxcm/foM+bV/bfcDsY=
golang.org/x/text v0.3.0/go.mod h1:NqM8EUOU14njkJ3fqMW+pc6Ldnwhi/IjpwHt7yyuwOQ=
golang.org/x/text v0.3.2/go.mod h1:bEr9sfX3Q8Zfm5fL9x+3itogRgK3+ptLWKqgva+5dAk=
golang.org/x/text v0.3.3/go.mod h1:5Zoc/QRtKVWzQhOtBMvqHzDpF6irO9z98xDceosuGiQ=
golang.org/x/text v0.5.0 h1:OLmvp0KP+FVG99Ct/qFiL/Fhk4zp4QQnZ7b2U+5piUM=
golang.org/x/text v0.5.0/go.mod h1:mrYo+phRRbMaCq/xk9113O4dZlRixOauAjOtrjsXDZ8=
golang.org/x/text v0.14.0/go.mod h1:18ZOQIKpY8NJVqYksKHtTdi31H5itFRjB5/qKTNYzSU=
golang.org/x/time v0.3.0 h1:rg5rLMjNzMS1RkNLzCG38eapWhnYLFYXDXj2gOlr8j4=
golang.org/x/time v0.3.0/go.mod h1:tRJNPiyCQ0inRvYxbN9jk5I+vvW/OXSQhTDSoE431IQ=
golang.org/x/tools v0.0.0-20180917221912-90fa682c2a6e/go.mod h1:n7NCudcB/nEzxVGmLbDWY5pfWTLqBcC2KZ6jyYvM4mQ=
golang.org/x/tools v0.0.0-20191119224855-298f0cb1881e/go.mod h1:b+2E5dAYhXwXZwtnZ6UAqBI28+e2cm9otk0dWdXHAEo=
golang.org/x/tools v0.0.0-20200619180055-7c47624df98f/go.mod h1:EkVYQZoAsY45+roYkvgYkIh4xh/qjgUK9TdY2XT94GE=
golang.org/x/tools v0.0.0-20210106214847-113979e3529a/go.mod h1:emZCQorbCU4vsT4fOWvOPXz4eW1wZW4PmDk9uLelYpA=
golang.org/x/xerrors v0.0.0-20190717185122-a985d3407aa7/go.mod h1:I/5z698sn9Ka8TeJc9MKroUUfqBBauWjQqLJ2OPfmY0=
golang.org/x/xerrors v0.0.0-20191011141410-1b5146add898/go.mod h1:I/5z698sn9Ka8TeJc9MKroUUfqBBauWjQqLJ2OPfmY0=
golang.org/x/xerrors v0.0.0-20191204190536-9bdfabe68543/go.mod h1:I/5z698sn9Ka8TeJc9MKroUUfqBBauWjQqLJ2OPfmY0=
golang.org/x/xerrors v0.0.0-20200804184101-5ec99f83aff1/go.mod h1:I/5z698sn9Ka8TeJc9MKroUUfqBBauWjQqLJ2OPfmY0=
google.golang.org/appengine v1.6.7 h1:FZR1q0exgwxzPzp/aF+VccGrSfxfPpkBqjIIEq3ru6c=
google.golang.org/appengine v1.6.7/go.mod h1:8WjMMxjGQR8xUklV/ARdw2HLXBOI7O7uCIDZVag1xfc=
google.golang.org/protobuf v1.26.0-rc.1/go.mod h1:jlhhOSvTdKEhbULTjvd4ARK9grFBp09yW+WbY/TyQbw=
google.golang.org/protobuf v1.26.0/go.mod h1:9q0QmTI4eRPtz6boOQmLYwt+qCgq0jsYwAQnmE0givc=
google.golang.org/protobuf v1.28.1 h1:d0NfwRgPtno5B1Wa6L2DAG+KivqkdutMf1UhdNx175w=
google.golang.org/protobuf v1.28.1/go.mod h1:HV8QOd/L58Z+nl8r43ehVNZIU/HEI6OcFqwMG9pJV4I=
google.golang.org/protobuf v1.32.0 h1:pPC6BG5ex8PDFnkbrGU3EixyhKcQ2aDuBS36lqK/C7I=
google.golang.org/protobuf v1.32.0/go.mod h1:c6P6GXX6sHbq/GpV6MGZEdwhWPcYBgnhAHhKbcUYpos=
gopkg.in/check.v1 v0.0.0-20161208181325-20d25e280405/go.mod h1:Co6ibVJAznAaIkqp8huTwlJQCZ016jof/cbN4VW5Yz0=
gopkg.in/check.v1 v1.0.0-20201130134442-10cb98267c6c h1:Hei/4ADfdWqJk1ZMxUNpqntNwaWcugrBjAiHlqqRiVk=
gopkg.in/inf.v0 v0.9.1 h1:73M5CoZyi3ZLMOyDlQh031Cx6N9NDJ2Vvfl76EDAgDc=
gopkg.in/inf.v0 v0.9.1/go.mod h1:cWUDdTG/fYaXco+Dcufb5Vnc6Gp2YChqWtbxRZE0mXw=
gopkg.in/yaml.v2 v2.2.8/go.mod h1:hI93XBmqTisBFMUTm0b8Fm+jr3Dg1NNxqwp+5A1VGuI=
gopkg.in/yaml.v2 v2.4.0 h1:D8xgwECY7CYvx+Y2n4sBz93Jn9JRvxdiyyo8CTfuKaY=
gopkg.in/yaml.v2 v2.4.0/go.mod h1:RDklbk79AGWmwhnvt/jBztapEOGDOx6ZbXqjP6csGnQ=
gopkg.in/yaml.v3 v3.0.0-20200313102051-9f266ea9e77c/go.mod h1:K4uyk7z7BCEPqu6E+C64Yfv1cQ7kz7rIZviUmN+EgEM=
gopkg.in/yaml.v3 v3.0.1 h1:fxVm/GzAzEWqLHuvctI91KS9hhNmmWOoWu0XTYJS7CA=
k8s.io/api v0.26.0 h1:IpPlZnxBpV1xl7TGk/X6lFtpgjgntCg8PJ+qrPHAC7I=
k8s.io/api v0.26.0/go.mod h1:k6HDTaIFC8yn1i6pSClSqIwLABIcLV9l5Q4EcngKnQg=
k8s.io/apimachinery v0.26.0 h1:1feANjElT7MvPqp0JT6F3Ss6TWDwmcjLypwoPpEf7zg=
k8s.io/apimachinery v0.26.0/go.mod h1:tnPmbONNJ7ByJNz9+n9kMjNP8ON+1qoAIIC70lztu74=
k8s.io/client-go v0.26.0 h1:lT1D3OfO+wIi9UFolCrifbjUUgu7CpLca0AD8ghRLI8=
k8s.io/client-go v0.26.0/go.mod h1:I2Sh57A79EQsDmn7F7ASpmru1cceh3ocVT9KlX2jEZg=
k8s.io/klog/v2 v2.80.1 h1:atnLQ121W371wYYFawwYx1aEY2eUfs4l3J72wtgAwV4=
k8s.io/klog/v2 v2.80.1/go.mod h1:y1WjHnz7Dj687irZUWR/WLkLc5N1YHtjLdmgWjndZn0=
k8s.io/kube-openapi v0.0.0-20221012153701-172d655c2280 h1:+70TFaan3hfJzs+7VK2o+OGxg8HsuBr/5f6tVAjDu6E=
k8s.io/utils v0.0.0-20221128185143-99ec85e7a448 h1:KTgPnR10d5zhztWptI952TNtt/4u5h3IzDXkdIMuo2Y=
k8s.io/utils v0.0.0-20221128185143-99ec85e7a448/go.mod h1:OLgZIPagt7ERELqWJFomSt595RzquPNLL48iOWgYOg0=
sigs.k8s.io/json v0.0.0-20220713155537-f223a00ba0e2 h1:iXTIw73aPyC+oRdyqqvVJuloN1p0AC/kzH07hu3NE+k=
sigs.k8s.io/json v0.0.0-20220713155537-f223a00ba0e2/go.mod h1:B8JuhiUyNFVKdsE8h686QcCxMaH6HrOAZj4vswFpcB0=
sigs.k8s.io/structured-merge-diff/v4 v4.2.3 h1:PRbqxJClWWYMNV1dhaG4NsibJbArud9kFxnAMREiWFE=
sigs.k8s.io/structured-merge-diff/v4 v4.2.3/go.mod h1:qjx8mGObPmV2aSZepjQjbmb2ihdVs8cGKBraizNC69E=
sigs.k8s.io/yaml v1.3.0 h1:a2VclLzOGrwOHDiV8EfBGhvjHvP46CtW5j6POvhYGGo=
sigs.k8s.io/yaml v1.3.0/go.mod h1:GeOyir5tyXNByN85N/dRIT9es5UQNerPYEKK56eTBm8=
